 investigate-firebase-deployment-issues2025-12-1623-45-09
 investigate-firebase-deployment-issues2025-12-1623-45-09
        "framer-motion": "^12.23.26",


 fix-issues-from-codex-review2025-12-1700-32-38
        "@genkit-ai/ai": "^1.26.0",
 main
        "@genkit-ai/express": "^1.26.0",
        "express": "^4.21.1",
        "genkit": "^1.26.0",

        "@genkit-ai/express": "^1.26.0",
 main
      "version": "1.26.0",
      "resolved": "https://registry.npmjs.org/@genkit-ai/ai/-/ai-1.26.0.tgz",
      "integrity": "sha512-L6sX2pocyGQTJU77w/Y6DP/VfWEgD/WyFZL/P2RSxz/xr25/twbdPE45xzjP7KTaFHFhAAp+lOMYhvh9kEBS3g==",
        "@genkit-ai/core": "1.26.0",
      "version": "1.26.0",
      "resolved": "https://registry.npmjs.org/@genkit-ai/core/-/core-1.26.0.tgz",
      "integrity": "sha512-wLcfyWjRyDMeyIcx2De0Sl8P4MxuTVPdCyr7wSR4YZmLIOA02LrdhQXGPcx8Rh7N0z5IxUAxPZ5rVdsUitxIzA==",
    "node_modules/@genkit-ai/express": {
      "version": "1.26.0",
      "resolved": "https://registry.npmjs.org/@genkit-ai/express/-/express-1.26.0.tgz",
      "integrity": "sha512-YiIqDFBjeJmIpV9kqRSmI0yyvrUjgOvoHRYim1L6p1l1ioEDVjnvnZYpdZrRuW/tTQGhyUrlXfFfZXn/+IXmUw==",
      "license": "Apache-2.0",
      "dependencies": {
        "body-parser": "^1.20.3",
        "cors": "^2.8.5"
      },
      "peerDependencies": {
        "express": "^4.21.1 || ^5",
        "genkit": "^1.26.0"
      }
    },
      "version": "1.26.0",
      "resolved": "https://registry.npmjs.org/@genkit-ai/firebase/-/firebase-1.26.0.tgz",
      "integrity": "sha512-r87uh0ub+OBhm33ds6M/H8oXzE9qSiczhPE5uFpehp++7iZ6lE3bNaiGwsSdG9iU0ghNyQBa475t+IWFe9kePQ==",
        "@genkit-ai/google-cloud": "^1.26.0"
        "genkit": "^1.26.0"
      "version": "1.26.0",
      "resolved": "https://registry.npmjs.org/@genkit-ai/google-cloud/-/google-cloud-1.26.0.tgz",
      "integrity": "sha512-HTmwNinoKOF8lMFYx79Xx6V4pZPsCPlUmJfqsH+VWmJWHGQeBTE3B9cUTvu8up+Y/EaVf8qcG/9c1onZOA22cQ==",
        "@google-cloud/modelarmor": "^0.4.1",
        "genkit": "^1.26.0"
    "node_modules/@google-cloud/modelarmor": {
      "version": "0.4.1",
      "resolved": "https://registry.npmjs.org/@google-cloud/modelarmor/-/modelarmor-0.4.1.tgz",
      "integrity": "sha512-CT9TpQF443aatjhRRvazrYNOvUot26HnFP3hhgmV89QYygNPB6owWvGFFOTsKK4zSvTDfkeeb+E6diVXxn9t4g==",
      "license": "Apache-2.0",
      "optional": true,
      "dependencies": {
        "google-gax": "^5.0.0"
      },
      "engines": {
        "node": ">=14.0.0"
      }
    },
    "node_modules/@google-cloud/modelarmor/node_modules/@grpc/proto-loader": {
      "version": "0.8.0",
      "resolved": "https://registry.npmjs.org/@grpc/proto-loader/-/proto-loader-0.8.0.tgz",
      "integrity": "sha512-rc1hOQtjIWGxcxpb9aHAfLpIctjEnsDehj0DAiVfBlmT84uvR0uUtN2hEi/ecvWVjXUGf5qPF4qEgiLOx1YIMQ==",
      "license": "Apache-2.0",
      "optional": true,
      "dependencies": {
        "lodash.camelcase": "^4.3.0",
        "long": "^5.0.0",
        "protobufjs": "^7.5.3",
        "yargs": "^17.7.2"
      },
      "bin": {
        "proto-loader-gen-types": "build/bin/proto-loader-gen-types.js"
      },
      "engines": {
        "node": ">=6"
      }
    },
    "node_modules/@google-cloud/modelarmor/node_modules/brace-expansion": {
      "version": "2.0.2",
      "resolved": "https://registry.npmjs.org/brace-expansion/-/brace-expansion-2.0.2.tgz",
      "integrity": "sha512-Jt0vHyM+jmUBqojB7E1NIYadt0vI0Qxjxd2TErW94wDz+E2LAm5vKMXXwg6ZZBTHPuUlDgQHKXvjGBdfcF1ZDQ==",
      "license": "MIT",
      "optional": true,
      "dependencies": {
        "balanced-match": "^1.0.0"
      }
    },
    "node_modules/@google-cloud/modelarmor/node_modules/gaxios": {
      "version": "7.1.3",
      "resolved": "https://registry.npmjs.org/gaxios/-/gaxios-7.1.3.tgz",
      "integrity": "sha512-YGGyuEdVIjqxkxVH1pUTMY/XtmmsApXrCVv5EU25iX6inEPbV+VakJfLealkBtJN69AQmh1eGOdCl9Sm1UP6XQ==",
      "license": "Apache-2.0",
      "optional": true,
      "dependencies": {
        "extend": "^3.0.2",
        "https-proxy-agent": "^7.0.1",
        "node-fetch": "^3.3.2",
        "rimraf": "^5.0.1"
      },
      "engines": {
        "node": ">=18"
      }
    },
    "node_modules/@google-cloud/modelarmor/node_modules/gcp-metadata": {
      "version": "8.1.2",
      "resolved": "https://registry.npmjs.org/gcp-metadata/-/gcp-metadata-8.1.2.tgz",
      "integrity": "sha512-zV/5HKTfCeKWnxG0Dmrw51hEWFGfcF2xiXqcA3+J90WDuP0SvoiSO5ORvcBsifmx/FoIjgQN3oNOGaQ5PhLFkg==",
      "license": "Apache-2.0",
      "optional": true,
      "dependencies": {
        "gaxios": "^7.0.0",
        "google-logging-utils": "^1.0.0",
        "json-bigint": "^1.0.0"
      },
      "engines": {
        "node": ">=18"
      }
    },
    "node_modules/@google-cloud/modelarmor/node_modules/glob": {
      "version": "10.5.0",
      "resolved": "https://registry.npmjs.org/glob/-/glob-10.5.0.tgz",
      "integrity": "sha512-DfXN8DfhJ7NH3Oe7cFmu3NCu1wKbkReJ8TorzSAFbSKrlNaQSKfIzqYqVY8zlbs2NLBbWpRiU52GX2PbaBVNkg==",
      "license": "ISC",
      "optional": true,
      "dependencies": {
        "foreground-child": "^3.1.0",
        "jackspeak": "^3.1.2",
        "minimatch": "^9.0.4",
        "minipass": "^7.1.2",
        "package-json-from-dist": "^1.0.0",
        "path-scurry": "^1.11.1"
      },
      "bin": {
        "glob": "dist/esm/bin.mjs"
      },
      "funding": {
        "url": "https://github.com/sponsors/isaacs"
      }
    },
    "node_modules/@google-cloud/modelarmor/node_modules/google-auth-library": {
      "version": "10.5.0",
      "resolved": "https://registry.npmjs.org/google-auth-library/-/google-auth-library-10.5.0.tgz",
      "integrity": "sha512-7ABviyMOlX5hIVD60YOfHw4/CxOfBhyduaYB+wbFWCWoni4N7SLcV46hrVRktuBbZjFC9ONyqamZITN7q3n32w==",
      "license": "Apache-2.0",
      "optional": true,
      "dependencies": {
        "base64-js": "^1.3.0",
        "ecdsa-sig-formatter": "^1.0.11",
        "gaxios": "^7.0.0",
        "gcp-metadata": "^8.0.0",
        "google-logging-utils": "^1.0.0",
        "gtoken": "^8.0.0",
        "jws": "^4.0.0"
      },
      "engines": {
        "node": ">=18"
      }
    },
    "node_modules/@google-cloud/modelarmor/node_modules/google-gax": {
      "version": "5.0.6",
      "resolved": "https://registry.npmjs.org/google-gax/-/google-gax-5.0.6.tgz",
      "integrity": "sha512-1kGbqVQBZPAAu4+/R1XxPQKP0ydbNYoLAr4l0ZO2bMV0kLyLW4I1gAk++qBLWt7DPORTzmWRMsCZe86gDjShJA==",
      "license": "Apache-2.0",
      "optional": true,
      "dependencies": {
        "@grpc/grpc-js": "^1.12.6",
        "@grpc/proto-loader": "^0.8.0",
        "duplexify": "^4.1.3",
        "google-auth-library": "^10.1.0",
        "google-logging-utils": "^1.1.1",
        "node-fetch": "^3.3.2",
        "object-hash": "^3.0.0",
        "proto3-json-serializer": "^3.0.0",
        "protobufjs": "^7.5.3",
        "retry-request": "^8.0.0",
        "rimraf": "^5.0.1"
      },
      "engines": {
        "node": ">=18"
      }
    },
    "node_modules/@google-cloud/modelarmor/node_modules/google-logging-utils": {
      "version": "1.1.3",
      "resolved": "https://registry.npmjs.org/google-logging-utils/-/google-logging-utils-1.1.3.tgz",
      "integrity": "sha512-eAmLkjDjAFCVXg7A1unxHsLf961m6y17QFqXqAXGj/gVkKFrEICfStRfwUlGNfeCEjNRa32JEWOUTlYXPyyKvA==",
      "license": "Apache-2.0",
      "optional": true,
      "engines": {
        "node": ">=14"
      }
    },
    "node_modules/@google-cloud/modelarmor/node_modules/gtoken": {
      "version": "8.0.0",
      "resolved": "https://registry.npmjs.org/gtoken/-/gtoken-8.0.0.tgz",
      "integrity": "sha512-+CqsMbHPiSTdtSO14O51eMNlrp9N79gmeqmXeouJOhfucAedHw9noVe/n5uJk3tbKE6a+6ZCQg3RPhVhHByAIw==",
      "license": "MIT",
      "optional": true,
      "dependencies": {
        "gaxios": "^7.0.0",
        "jws": "^4.0.0"
      },
      "engines": {
        "node": ">=18"
      }
    },
    "node_modules/@google-cloud/modelarmor/node_modules/http-proxy-agent": {
      "version": "5.0.0",
      "resolved": "https://registry.npmjs.org/http-proxy-agent/-/http-proxy-agent-5.0.0.tgz",
      "integrity": "sha512-n2hY8YdoRE1i7r6M0w9DIw5GgZN0G25P8zLCRQ8rjXtTU3vsNFBI/vWK/UIeE6g5MUUz6avwAPXmL6Fy9D/90w==",
      "license": "MIT",
      "optional": true,
      "dependencies": {
        "@tootallnate/once": "2",
        "agent-base": "6",
        "debug": "4"
      },
      "engines": {
        "node": ">= 6"
      }
    },
    "node_modules/@google-cloud/modelarmor/node_modules/http-proxy-agent/node_modules/agent-base": {
      "version": "6.0.2",
      "resolved": "https://registry.npmjs.org/agent-base/-/agent-base-6.0.2.tgz",
      "integrity": "sha512-RZNwNclF7+MS/8bDg70amg32dyeZGZxiDuQmZxKLAlQjr3jGyLx+4Kkk58UO7D2QdgFIQCovuSuZESne6RG6XQ==",
      "license": "MIT",
      "optional": true,
      "dependencies": {
        "debug": "4"
      },
      "engines": {
        "node": ">= 6.0.0"
      }
    },
    "node_modules/@google-cloud/modelarmor/node_modules/https-proxy-agent": {
      "version": "7.0.6",
      "resolved": "https://registry.npmjs.org/https-proxy-agent/-/https-proxy-agent-7.0.6.tgz",
      "integrity": "sha512-vK9P5/iUfdl95AI+JVyUuIcVtd4ofvtrOr3HNtM2yxC9bnMbEdp3x01OhQNnjb8IJYi38VlTE3mBXwcfvywuSw==",
      "license": "MIT",
      "optional": true,
      "dependencies": {
        "agent-base": "^7.1.2",
        "debug": "4"
      },
      "engines": {
        "node": ">= 14"
      }
    },
    "node_modules/@google-cloud/modelarmor/node_modules/minimatch": {
      "version": "9.0.5",
      "resolved": "https://registry.npmjs.org/minimatch/-/minimatch-9.0.5.tgz",
      "integrity": "sha512-G6T0ZX48xgozx7587koeX9Ys2NYy6Gmv//P89sEte9V9whIapMNF4idKxnW2QtCcLiTWlb/wfCabAtAFWhhBow==",
      "license": "ISC",
      "optional": true,
      "dependencies": {
        "brace-expansion": "^2.0.1"
      },
      "engines": {
        "node": ">=16 || 14 >=14.17"
      },
      "funding": {
        "url": "https://github.com/sponsors/isaacs"
      }
    },
    "node_modules/@google-cloud/modelarmor/node_modules/minipass": {
      "version": "7.1.2",
      "resolved": "https://registry.npmjs.org/minipass/-/minipass-7.1.2.tgz",
      "integrity": "sha512-qOOzS1cBTWYF4BH8fVePDBOO9iptMnGUEZwNc/cMWnTV2nVLZ7VoNWEPHkYczZA0pdoA7dl6e7FL659nX9S2aw==",
      "license": "ISC",
      "optional": true,
      "engines": {
        "node": ">=16 || 14 >=14.17"
      }
    },
    "node_modules/@google-cloud/modelarmor/node_modules/node-fetch": {
      "version": "3.3.2",
      "resolved": "https://registry.npmjs.org/node-fetch/-/node-fetch-3.3.2.tgz",
      "integrity": "sha512-dRB78srN/l6gqWulah9SrxeYnxeddIG30+GOqK/9OlLVyLg3HPnr6SqOWTWOXKRwC2eGYCkZ59NNuSgvSrpgOA==",
      "license": "MIT",
      "optional": true,
      "dependencies": {
        "data-uri-to-buffer": "^4.0.0",
        "fetch-blob": "^3.1.4",
        "formdata-polyfill": "^4.0.10"
      },
      "engines": {
        "node": "^12.20.0 || ^14.13.1 || >=16.0.0"
      },
      "funding": {
        "type": "opencollective",
        "url": "https://opencollective.com/node-fetch"
      }
    },
    "node_modules/@google-cloud/modelarmor/node_modules/proto3-json-serializer": {
      "version": "3.0.4",
      "resolved": "https://registry.npmjs.org/proto3-json-serializer/-/proto3-json-serializer-3.0.4.tgz",
      "integrity": "sha512-E1sbAYg3aEbXrq0n1ojJkRHQJGE1kaE/O6GLA94y8rnJBfgvOPTOd1b9hOceQK1FFZI9qMh1vBERCyO2ifubcw==",
      "license": "Apache-2.0",
      "optional": true,
      "dependencies": {
        "protobufjs": "^7.4.0"
      },
      "engines": {
        "node": ">=18"
      }
    },
    "node_modules/@google-cloud/modelarmor/node_modules/retry-request": {
      "version": "8.0.2",
      "resolved": "https://registry.npmjs.org/retry-request/-/retry-request-8.0.2.tgz",
      "integrity": "sha512-JzFPAfklk1kjR1w76f0QOIhoDkNkSqW8wYKT08n9yysTmZfB+RQ2QoXoTAeOi1HD9ZipTyTAZg3c4pM/jeqgSw==",
      "license": "MIT",
      "optional": true,
      "dependencies": {
        "extend": "^3.0.2",
        "teeny-request": "^10.0.0"
      },
      "engines": {
        "node": ">=18"
      }
    },
    "node_modules/@google-cloud/modelarmor/node_modules/rimraf": {
      "version": "5.0.10",
      "resolved": "https://registry.npmjs.org/rimraf/-/rimraf-5.0.10.tgz",
      "integrity": "sha512-l0OE8wL34P4nJH/H2ffoaniAokM2qSmrtXHmlpvYr5AVVX8msAyW0l8NVJFDxlSK4u3Uh/f41cQheDVdnYijwQ==",
      "license": "ISC",
      "optional": true,
      "dependencies": {
        "glob": "^10.3.7"
      },
      "bin": {
        "rimraf": "dist/esm/bin.mjs"
      },
      "funding": {
        "url": "https://github.com/sponsors/isaacs"
      }
    },
    "node_modules/@google-cloud/modelarmor/node_modules/teeny-request": {
      "version": "10.1.0",
      "resolved": "https://registry.npmjs.org/teeny-request/-/teeny-request-10.1.0.tgz",
      "integrity": "sha512-3ZnLvgWF29jikg1sAQ1g0o+lr5JX6sVgYvfUJazn7ZjJroDBUTWp44/+cFVX0bULjv4vci+rBD+oGVAkWqhUbw==",
      "license": "Apache-2.0",
      "optional": true,
      "dependencies": {
        "http-proxy-agent": "^5.0.0",
        "https-proxy-agent": "^5.0.0",
        "node-fetch": "^3.3.2",
        "stream-events": "^1.0.5"
      },
      "engines": {
        "node": ">=18"
      }
    },
    "node_modules/@google-cloud/modelarmor/node_modules/teeny-request/node_modules/agent-base": {
      "version": "6.0.2",
      "resolved": "https://registry.npmjs.org/agent-base/-/agent-base-6.0.2.tgz",
      "integrity": "sha512-RZNwNclF7+MS/8bDg70amg32dyeZGZxiDuQmZxKLAlQjr3jGyLx+4Kkk58UO7D2QdgFIQCovuSuZESne6RG6XQ==",
      "license": "MIT",
      "optional": true,
      "dependencies": {
        "debug": "4"
      },
      "engines": {
        "node": ">= 6.0.0"
      }
    },
    "node_modules/@google-cloud/modelarmor/node_modules/teeny-request/node_modules/https-proxy-agent": {
      "version": "5.0.1",
      "resolved": "https://registry.npmjs.org/https-proxy-agent/-/https-proxy-agent-5.0.1.tgz",
      "integrity": "sha512-dFcAjpTQFgoLMzC2VwU+C/CbS7uRL0lWmxDITmqm7C+7F0Odmj6s9l6alZc6AELXhrnggM2CeWSXHGOdX2YtwA==",
      "license": "MIT",
      "optional": true,
      "dependencies": {
        "agent-base": "6",
        "debug": "4"
      },
      "engines": {
        "node": ">= 6"
      }
    },
    "node_modules/@tailwindcss/oxide-wasm32-wasi/node_modules/@emnapi/core": {
      "version": "1.7.1",
      "dev": true,
      "inBundle": true,
      "license": "MIT",
      "optional": true,
      "dependencies": {
        "@emnapi/wasi-threads": "1.1.0",
        "tslib": "^2.4.0"
      }
    },
    "node_modules/@tailwindcss/oxide-wasm32-wasi/node_modules/@emnapi/runtime": {
      "version": "1.7.1",
      "dev": true,
      "inBundle": true,
      "license": "MIT",
      "optional": true,
      "dependencies": {
        "tslib": "^2.4.0"
      }
    },
    "node_modules/@tailwindcss/oxide-wasm32-wasi/node_modules/@emnapi/wasi-threads": {
      "version": "1.1.0",
      "dev": true,
      "inBundle": true,
      "license": "MIT",
      "optional": true,
      "dependencies": {
        "tslib": "^2.4.0"
      }
    },
    "node_modules/@tailwindcss/oxide-wasm32-wasi/node_modules/@napi-rs/wasm-runtime": {
      "version": "1.1.0",
      "dev": true,
      "inBundle": true,
      "license": "MIT",
      "optional": true,
      "dependencies": {
        "@emnapi/core": "^1.7.1",
        "@emnapi/runtime": "^1.7.1",
        "@tybys/wasm-util": "^0.10.1"
      }
    },
    "node_modules/@tailwindcss/oxide-wasm32-wasi/node_modules/@tybys/wasm-util": {
      "version": "0.10.1",
      "dev": true,
      "inBundle": true,
      "license": "MIT",
      "optional": true,
      "dependencies": {
        "tslib": "^2.4.0"
      }
    },
    "node_modules/@tailwindcss/oxide-wasm32-wasi/node_modules/tslib": {
      "version": "2.8.1",
      "dev": true,
      "inBundle": true,
      "license": "0BSD",
      "optional": true
    },
      "version": "1.26.0",
      "resolved": "https://registry.npmjs.org/genkit/-/genkit-1.26.0.tgz",
      "integrity": "sha512-+bfQWefF56mZU8RTH0zHwlXyreA1rMkEXBBb5mNqP1OVuv92F8eJWP80/8M+wvL8OeaxBiejtbGIjcepOJRgpA==",
        "@genkit-ai/ai": "1.26.0",
        "@genkit-ai/core": "1.26.0",
 main
